
Microsoft Visual Studio Solution File, Format Version 12.00
# Visual Studio 14
VisualStudioVersion = 14.0.25420.1
MinimumVisualStudioVersion = 10.0.40219.1
Project("{F2A71F9B-5D33-465A-A702-920D77279786}") = "WebSharper.Community.Suave.WebSocket", "WebSharper.Community.Suave.WebSocket\WebSharper.Community.Suave.WebSocket.fsproj", "{504FA4BA-FBDB-4912-9D21-B394C321038D}"
EndProject
Project("{F2A71F9B-5D33-465A-A702-920D77279786}") = "WebSharper.Community.Suave.WebSocket.Test", "WebSharper.Community.Suave.WebSocket.Test\WebSharper.Community.Suave.WebSocket.Test.fsproj", "{0A86E77E-7888-49E6-8271-269C3425FFBC}"
EndProject
Global
	GlobalSection(SolutionConfigurationPlatforms) = preSolution
		Debug|Any CPU = Debug|Any CPU
		Release|Any CPU = Release|Any CPU
	EndGlobalSection
	GlobalSection(ProjectConfigurationPlatforms) = postSolution
		{504FA4BA-FBDB-4912-9D21-B394C321038D}.Debug|Any CPU.ActiveCfg = Debug|Any CPU
		{504FA4BA-FBDB-4912-9D21-B394C321038D}.Debug|Any CPU.Build.0 = Debug|Any CPU
		{504FA4BA-FBDB-4912-9D21-B394C321038D}.Release|Any CPU.ActiveCfg = Release|Any CPU
		{504FA4BA-FBDB-4912-9D21-B394C321038D}.Release|Any CPU.Build.0 = Release|Any CPU
		{0A86E77E-7888-49E6-8271-269C3425FFBC}.Debug|Any CPU.ActiveCfg = Debug|Any CPU
		{0A86E77E-7888-49E6-8271-269C3425FFBC}.Debug|Any CPU.Build.0 = Debug|Any CPU
		{0A86E77E-7888-49E6-8271-269C3425FFBC}.Release|Any CPU.ActiveCfg = Release|Any CPU
		{0A86E77E-7888-49E6-8271-269C3425FFBC}.Release|Any CPU.Build.0 = Release|Any CPU
	EndGlobalSection
	GlobalSection(SolutionProperties) = preSolution
		HideSolutionNode = FALSE
	EndGlobalSection
EndGlobal
